# THIS IS AN AUTOGENERATED FILE. DO NOT EDIT THIS FILE DIRECTLY.
# yarn lockfile v1


"@types/prop-types@*":
  version "15.7.3"
  resolved "https://registry.yarnpkg.com/@types/prop-types/-/prop-types-15.7.3.tgz#2ab0d5da2e5815f94b0b9d4b95d1e5f243ab2ca7"
  integrity sha512-KfRL3PuHmqQLOG+2tGpRO26Ctg+Cq1E01D2DMriKEATHgWLfeNDmq9e29Q9WIky0dQ3NPkd1mzYH8Lm936Z9qw==

"@types/react-dom@^16.9.6":
  version "16.9.6"
  resolved "https://registry.yarnpkg.com/@types/react-dom/-/react-dom-16.9.6.tgz#9e7f83d90566521cc2083be2277c6712dcaf754c"
  integrity sha512-S6ihtlPMDotrlCJE9ST1fRmYrQNNwfgL61UB4I1W7M6kPulUKx9fXAleW5zpdIjUQ4fTaaog8uERezjsGUj9HQ==
  dependencies:
    "@types/react" "*"

"@types/react-transition-group@^4.2.4":
  version "4.2.4"
  resolved "https://registry.yarnpkg.com/@types/react-transition-group/-/react-transition-group-4.2.4.tgz#c7416225987ccdb719262766c1483da8f826838d"
  integrity sha512-8DMUaDqh0S70TjkqU0DxOu80tFUiiaS9rxkWip/nb7gtvAsbqOXm02UCmR8zdcjWujgeYPiPNTVpVpKzUDotwA==
  dependencies:
    "@types/react" "*"

"@types/react@*", "@types/react@^16.9.31":
  version "16.9.31"
  resolved "https://registry.yarnpkg.com/@types/react/-/react-16.9.31.tgz#6a543529766c8934ec8a89667376c2e73e9e2636"
  integrity sha512-NpYJpNMWScFXtx3A2BJMeew2G3+9SEslVWMdxNJ6DLvxIuxWjY1bizK9q5Y1ujhln31vtjmhjOAYDr9Xx3k9FQ==
  dependencies:
    "@types/prop-types" "*"
    csstype "^2.2.0"

csstype@^2.2.0:
  version "2.6.10"
  resolved "https://registry.yarnpkg.com/csstype/-/csstype-2.6.10.tgz#e63af50e66d7c266edb6b32909cfd0aabe03928b"
  integrity sha512-D34BqZU4cIlMCY93rZHbrq9pjTAQJ3U8S8rfBqjwHxkGPThWFjzZDQpgMJY0QViLxth6ZKYiwFBo14RdN44U/w==
